
Microsoft Visual Studio Solution File, Format Version 12.00
# Visual Studio 2012
Project("{FAE04EC0-301F-11D3-BF4B-00C04F79EFBC}") = "Lock.Android", "Lock.Android.csproj", "{D2091A5B-217A-40B7-B6E1-3EC6A476CEBB}"
EndProject
Global
	GlobalSection(SolutionConfigurationPlatforms) = preSolution
		Debug|Any CPU = Debug|Any CPU
		Release|Any CPU = Release|Any CPU
	EndGlobalSection
	GlobalSection(ProjectConfigurationPlatforms) = postSolution
		{D2091A5B-217A-40B7-B6E1-3EC6A476CEBB}.Debug|Any CPU.ActiveCfg = Debug|Any CPU
		{D2091A5B-217A-40B7-B6E1-3EC6A476CEBB}.Debug|Any CPU.Build.0 = Debug|Any CPU
		{D2091A5B-217A-40B7-B6E1-3EC6A476CEBB}.Release|Any CPU.ActiveCfg = Release|Any CPU
		{D2091A5B-217A-40B7-B6E1-3EC6A476CEBB}.Release|Any CPU.Build.0 = Release|Any CPU
	EndGlobalSection
EndGlobal
